
Microsoft Visual Studio Solution File, Format Version 12.00
# Visual Studio Version 17
VisualStudioVersion = 17.7.34009.444
MinimumVisualStudioVersion = 10.0.40219.1
Project("{FAE04EC0-301F-11D3-BF4B-00C04F79EFBC}") = "ConsoleLog4NetRollbarDemo", "ConsoleLog4NetRollbarDemo.csproj", "{D01A51B7-07A5-48FC-9906-2D7D8F8A136B}"
EndProject
Global
	GlobalSection(SolutionConfigurationPlatforms) = preSolution
		Debug|Any CPU = Debug|Any CPU
		Release|Any CPU = Release|Any CPU
	EndGlobalSection
	GlobalSection(ProjectConfigurationPlatforms) = postSolution
		{D01A51B7-07A5-48FC-9906-2D7D8F8A136B}.Debug|Any CPU.ActiveCfg = Debug|Any CPU
		{D01A51B7-07A5-48FC-9906-2D7D8F8A136B}.Debug|Any CPU.Build.0 = Debug|Any CPU
		{D01A51B7-07A5-48FC-9906-2D7D8F8A136B}.Release|Any CPU.ActiveCfg = Release|Any CPU
		{D01A51B7-07A5-48FC-9906-2D7D8F8A136B}.Release|Any CPU.Build.0 = Release|Any CPU
	EndGlobalSection
	GlobalSection(SolutionProperties) = preSolution
		HideSolutionNode = FALSE
	EndGlobalSection
	GlobalSection(ExtensibilityGlobals) = postSolution
		SolutionGuid = {00D75CBB-FF14-4573-93DF-A9F5F5D23568}
	EndGlobalSection
EndGlobal
